
Microsoft Visual Studio Solution File, Format Version 12.00
# Visual Studio Version 17
VisualStudioVersion = 17.13.35806.99 d17.13
MinimumVisualStudioVersion = 10.0.40219.1
Project("{8BC9CEB8-8B4A-11D0-8D11-00A0C91BC942}") = "app", "app\app.vcxproj", "{89DAFE7C-DB70-4247-9AD8-0A476EF7064A}"
EndProject
Global
	GlobalSection(SolutionConfigurationPlatforms) = preSolution
		Debug|ARM64 = Debug|ARM64
		Debug|x64 = Debug|x64
		Debug|x86 = Debug|x86
		Release|ARM64 = Release|ARM64
		Release|x64 = Release|x64
		Release|x86 = Release|x86
	EndGlobalSection
	GlobalSection(ProjectConfigurationPlatforms) = postSolution
		{89DAFE7C-DB70-4247-9AD8-0A476EF7064A}.Debug|ARM64.ActiveCfg = Debug|ARM64
		{89DAFE7C-DB70-4247-9AD8-0A476EF7064A}.Debug|ARM64.Build.0 = Debug|ARM64
		{89DAFE7C-DB70-4247-9AD8-0A476EF7064A}.Debug|ARM64.Deploy.0 = Debug|ARM64
		{89DAFE7C-DB70-4247-9AD8-0A476EF7064A}.Debug|x64.ActiveCfg = Debug|x64
		{89DAFE7C-DB70-4247-9AD8-0A476EF7064A}.Debug|x64.Build.0 = Debug|x64
		{89DAFE7C-DB70-4247-9AD8-0A476EF7064A}.Debug|x64.Deploy.0 = Debug|x64
		{89DAFE7C-DB70-4247-9AD8-0A476EF7064A}.Debug|x86.ActiveCfg = Debug|Win32
		{89DAFE7C-DB70-4247-9AD8-0A476EF7064A}.Debug|x86.Build.0 = Debug|Win32
		{89DAFE7C-DB70-4247-9AD8-0A476EF7064A}.Debug|x86.Deploy.0 = Debug|Win32
		{89DAFE7C-DB70-4247-9AD8-0A476EF7064A}.Release|ARM64.ActiveCfg = Release|ARM64
		{89DAFE7C-DB70-4247-9AD8-0A476EF7064A}.Release|ARM64.Build.0 = Release|ARM64
		{89DAFE7C-DB70-4247-9AD8-0A476EF7064A}.Release|ARM64.Deploy.0 = Release|ARM64
		{89DAFE7C-DB70-4247-9AD8-0A476EF7064A}.Release|x64.ActiveCfg = Release|x64
		{89DAFE7C-DB70-4247-9AD8-0A476EF7064A}.Release|x64.Build.0 = Release|x64
		{89DAFE7C-DB70-4247-9AD8-0A476EF7064A}.Release|x64.Deploy.0 = Release|x64
		{89DAFE7C-DB70-4247-9AD8-0A476EF7064A}.Release|x86.ActiveCfg = Release|Win32
		{89DAFE7C-DB70-4247-9AD8-0A476EF7064A}.Release|x86.Build.0 = Release|Win32
		{89DAFE7C-DB70-4247-9AD8-0A476EF7064A}.Release|x86.Deploy.0 = Release|Win32
	EndGlobalSection
	GlobalSection(SolutionProperties) = preSolution
		HideSolutionNode = FALSE
	EndGlobalSection
	GlobalSection(ExtensibilityGlobals) = postSolution
		SolutionGuid = {AE4F1F35-BE57-41E4-B2C5-F0D4E268055F}
	EndGlobalSection
EndGlobal
